// !$*UTF8*$!
{
	archiveVersion = 1;
	classes = {
	};
	objectVersion = 48;
	objects = {

/* Begin PBXBuildFile section */
		1318636F1FE6B63800864276 /* ge_green_world_logo_large.png in Resources */ = {isa = PBXBuildFile; fileRef = 1318636E1FE6B63800864276 /* ge_green_world_logo_large.png */; };
		13792E2E1FC8263F007C525C /* AppDelegate.swift in Sources */ = {isa = PBXBuildFile; fileRef = 13792E2D1FC8263F007C525C /* AppDelegate.swift */; };
		13792E331FC8263F007C525C /* Main.storyboard in Resources */ = {isa = PBXBuildFile; fileRef = 13792E311FC8263F007C525C /* Main.storyboard */; };
		13792E351FC8263F007C525C /* Assets.xcassets in Resources */ = {isa = PBXBuildFile; fileRef = 13792E341FC8263F007C525C /* Assets.xcassets */; };
		13792E381FC8263F007C525C /* LaunchScreen.storyboard in Resources */ = {isa = PBXBuildFile; fileRef = 13792E361FC8263F007C525C /* LaunchScreen.storyboard */; };
		13C23BFB1FFF9185009D79A9 /* TestEnergyCalculations.swift in Sources */ = {isa = PBXBuildFile; fileRef = 13C23BFA1FFF9185009D79A9 /* TestEnergyCalculations.swift */; };
		13E2E304200A3454003F54A4 /* CDFeatureData+CoreDataClass.swift in Sources */ = {isa = PBXBuildFile; fileRef = 13E2E300200A3454003F54A4 /* CDFeatureData+CoreDataClass.swift */; };
		13E2E305200A3454003F54A4 /* CDFeatureData+CoreDataProperties.swift in Sources */ = {isa = PBXBuildFile; fileRef = 13E2E301200A3454003F54A4 /* CDFeatureData+CoreDataProperties.swift */; };
		13EEB1F7204700FC0089D263 /* Settings.bundle in Resources */ = {isa = PBXBuildFile; fileRef = 13EEB1F6204700FC0089D263 /* Settings.bundle */; };
		34DCCF82941666505C8DA62B /* Pods_GEnergyOptimizer.framework in Frameworks */ = {isa = PBXBuildFile; fileRef = A01F77AED5091697259E640E /* Pods_GEnergyOptimizer.framework */; };
		487C00005D78424CF25339AD /* FormBuilder.swift in Sources */ = {isa = PBXBuildFile; fileRef = 487C09E7BFD390D46EFB6FB0 /* FormBuilder.swift */; };
		487C004B0A4AB306D31D874B /* FeatureViewController.swift in Sources */ = {isa = PBXBuildFile; fileRef = 487C0D51983BDBEB57429FBE /* FeatureViewController.swift */; };
		487C004B20F355C4442EEC9F /* RoomPresenter.swift in Sources */ = {isa = PBXBuildFile; fileRef = 487C00006A3A8F0204806CF3 /* RoomPresenter.swift */; };
		487C00584DF1C345AA660201 /* Refrigerator.swift in Sources */ = {isa = PBXBuildFile; fileRef = 487C0891514C7276FBA79B2B /* Refrigerator.swift */; };
		487C006DF8715ED7C1E8F9EE /* Utils.swift in Sources */ = {isa = PBXBuildFile; fileRef = 487C02E0126554B9837987E8 /* Utils.swift */; };
		487C007CE0C4E7C81F491A7A /* PeakHourMapper.swift in Sources */ = {isa = PBXBuildFile; fileRef = 487C054AC728BAFE30A431B0 /* PeakHourMapper.swift */; };
		487C00846D6D5773850606F6 /* header.csv in Resources */ = {isa = PBXBuildFile; fileRef = 487C0F4762FDB1D0CBC61919 /* header.csv */; };
		487C00A5061BD468A46C2DA7 /* Fryer.swift in Sources */ = {isa = PBXBuildFile; fileRef = 487C046CBA6CB57F53D16115 /* Fryer.swift */; };
		487C01409D784B97C302C799 /* Enums.swift in Sources */ = {isa = PBXBuildFile; fileRef = 487C0609C3EF74717B0FF91B /* Enums.swift */; };
		487C014CFBF711963B2567E0 /* pge_gas.csv in Resources */ = {isa = PBXBuildFile; fileRef = 487C0E8606927593C2F09607 /* pge_gas.csv */; };
		487C015B90C93ED9663F3C73 /* Fryer.json in Resources */ = {isa = PBXBuildFile; fileRef = 487C080A4E1D4167F0F86C03 /* Fryer.json */; };
		487C018F6D5AC4056E24A868 /* FormFactory.swift in Sources */ = {isa = PBXBuildFile; fileRef = 487C06949DEE6E459B24DF35 /* FormFactory.swift */; };
		487C019C0D3C363716BA6B56 /* ParseDataModel.swift in Sources */ = {isa = PBXBuildFile; fileRef = 487C0176A47699294D68D8CC /* ParseDataModel.swift */; };
		487C019E5450A75C2BEE74E1 /* ConveyorOven.json in Resources */ = {isa = PBXBuildFile; fileRef = 487C0A8893E6DE7AA3A47A15 /* ConveyorOven.json */; };
		487C01FA258D297F629D6C9C /* ZoneListViewController.storyboard in Resources */ = {isa = PBXBuildFile; fileRef = 487C0339D9331C97B1CAD730 /* ZoneListViewController.storyboard */; };
		487C0270E2B349E0409B0167 /* IceMaker.json in Resources */ = {isa = PBXBuildFile; fileRef = 487C094A2A0F68FF10E9AFBD /* IceMaker.json */; };
		487C02892678BC45AF096F1B /* HomeListCell.xib in Resources */ = {isa = PBXBuildFile; fileRef = 487C06A0ABFB535F6533D603 /* HomeListCell.xib */; };
		487C02AE3BD1F8DEE8D310B9 /* PFAuditAPI.swift in Sources */ = {isa = PBXBuildFile; fileRef = 487C0C8AC85C3BD96316E2D9 /* PFAuditAPI.swift */; };
		487C02EEE1116BD869D630A7 /* PlugloadAPI.swift in Sources */ = {isa = PBXBuildFile; fileRef = 487C0B3888F1C4E84CE9003C /* PlugloadAPI.swift */; };
		487C0321A5CEFE18BFCF14D4 /* UtilityMapper.swift in Sources */ = {isa = PBXBuildFile; fileRef = 487C087C1601EE87A454A49D /* UtilityMapper.swift */; };
		487C032E297B6E2BA9FBAEAC /* PFPreAuditAPI.swift in Sources */ = {isa = PBXBuildFile; fileRef = 487C00092FADBF381F0283C0 /* PFPreAuditAPI.swift */; };
		487C03B6B438672D212C51DC /* FormDataModel.swift in Sources */ = {isa = PBXBuildFile; fileRef = 487C07623C4CF0D16624DE2B /* FormDataModel.swift */; };
		487C03CE29609B28D298703B /* lighting.json in Resources */ = {isa = PBXBuildFile; fileRef = 487C0258D2F9D57C51A3D46B /* lighting.json */; };
		487C0469C3EE3AE7A780D354 /* GEFormViewController.swift in Sources */ = {isa = PBXBuildFile; fileRef = 487C0C8D7C0CD8F8E871A36C /* GEFormViewController.swift */; };
		487C04748BDB90E7EB1E7B03 /* HomeDTO.swift in Sources */ = {isa = PBXBuildFile; fileRef = 487C00F2E0F041240EEC4824 /* HomeDTO.swift */; };
		487C04A7BBE09E7BDB69268E /* RoomListViewController.swift in Sources */ = {isa = PBXBuildFile; fileRef = 487C07C91AE8796EA65944E2 /* RoomListViewController.swift */; };
		487C052060FEF15FE2A76A65 /* PFZoneAPI.swift in Sources */ = {isa = PBXBuildFile; fileRef = 487C0AD00AFF79848118D6B3 /* PFZoneAPI.swift */; };
		487C05DEA266805FF524BBBF /* ZonePresenter.swift in Sources */ = {isa = PBXBuildFile; fileRef = 487C02926DAC42E68D5F059F /* ZonePresenter.swift */; };
		487C05E9F03B7AB099E31A39 /* hvac.json in Resources */ = {isa = PBXBuildFile; fileRef = 487C02C5135F34CDA4F2531A /* hvac.json */; };
		487C066BC6C58631CC4CAC80 /* BestModel.swift in Sources */ = {isa = PBXBuildFile; fileRef = 487C0EAEAF589C2BEC0E07AE /* BestModel.swift */; };
		487C068B4B5228504614B94E /* GEModel.xcdatamodel in Sources */ = {isa = PBXBuildFile; fileRef = 487C0B30FABF88B4BBCA9B97 /* GEModel.xcdatamodel */; };
		487C06E6388F1EB4A9A3DCCE /* HomeListCell.swift in Sources */ = {isa = PBXBuildFile; fileRef = 487C0D0F28FCED867B8E41F1 /* HomeListCell.swift */; };
		487C07675659271A16C13748 /* ConvectionOven.json in Resources */ = {isa = PBXBuildFile; fileRef = 487C05347380812558E3559A /* ConvectionOven.json */; };
		487C07B9ACDB3E1C830EA66E /* DataLayer.swift in Sources */ = {isa = PBXBuildFile; fileRef = 487C0ABC563E7E0A7C3C9BA8 /* DataLayer.swift */; };
		487C07CA55227074D34FFA9F /* CDZone+CoreDataClass.swift in Sources */ = {isa = PBXBuildFile; fileRef = 487C006036B1A5E29BBBBB79 /* CDZone+CoreDataClass.swift */; };
		487C0815F656CF2F7B25612C /* HVAC.swift in Sources */ = {isa = PBXBuildFile; fileRef = 487C06DFF514E28ED6EE7679 /* HVAC.swift */; };
		487C08271D80D022563955CC /* CDZone+CoreDataProperties.swift in Sources */ = {isa = PBXBuildFile; fileRef = 487C0CC29DB67E6191A4E1FE /* CDZone+CoreDataProperties.swift */; };
		487C08279D0C229A83A1D318 /* HotFoodCabinet.json in Resources */ = {isa = PBXBuildFile; fileRef = 487C06C55F0E61EA77C8AC59 /* HotFoodCabinet.json */; };
		487C08913815E01DE6006DB7 /* StateController.swift in Sources */ = {isa = PBXBuildFile; fileRef = 487C0FA36CFC01D2BB775C77 /* StateController.swift */; };
		487C094E23AF17E65CEB23A2 /* CoreDataAPI.swift in Sources */ = {isa = PBXBuildFile; fileRef = 487C0853D485C19C3121BC98 /* CoreDataAPI.swift */; };
		487C0963E935CF39DEB77981 /* AuditFactory.swift in Sources */ = {isa = PBXBuildFile; fileRef = 487C0389091CDF0F798DDA19 /* AuditFactory.swift */; };
		487C098E7053A832C7DE6BBF /* motors.json in Resources */ = {isa = PBXBuildFile; fileRef = 487C046F2324ACBDDD52E289 /* motors.json */; };
		487C099A6B6530AF97F55601 /* FactoryHelper.swift in Sources */ = {isa = PBXBuildFile; fileRef = 487C0A72B41F6A46089909DB /* FactoryHelper.swift */; };
		487C09B103443C784E96E93B /* pge_electric.csv in Resources */ = {isa = PBXBuildFile; fileRef = 487C09A30CA8FAA764471D7B /* pge_electric.csv */; };
		487C0A0C0E9AE22E8E143C40 /* GEnergy.swift in Sources */ = {isa = PBXBuildFile; fileRef = 487C0542B89E1AFFAADEC49B /* GEnergy.swift */; };
		487C0A324EC41B198CFA67E1 /* PopOverPresenter.swift in Sources */ = {isa = PBXBuildFile; fileRef = 487C0150969D65E1245C202F /* PopOverPresenter.swift */; };
		487C0A4D069561BD894028D3 /* preaudit.json in Resources */ = {isa = PBXBuildFile; fileRef = 487C0A39AC6B004B52564DAC /* preaudit.json */; };
		487C0A613E8CD832CD0A052C /* Commons.swift in Sources */ = {isa = PBXBuildFile; fileRef = 487C052DF9D160600065DA02 /* Commons.swift */; };
		487C0A68C9DF4736E834A8F7 /* CDRoom+CoreDataClass.swift in Sources */ = {isa = PBXBuildFile; fileRef = 487C00AAA27BF40E11193B1F /* CDRoom+CoreDataClass.swift */; };
		487C0A8CEF5276FE93C4333C /* RoomDTO.swift in Sources */ = {isa = PBXBuildFile; fileRef = 487C001332D8A6CAF12B0256 /* RoomDTO.swift */; };
		487C0ADDE2C3C39DA7A63D23 /* ZoneDTO.swift in Sources */ = {isa = PBXBuildFile; fileRef = 487C080941112BEE2DFCA5A6 /* ZoneDTO.swift */; };
		487C0B087143D9A9C492F30F /* DropBoxUploader.swift in Sources */ = {isa = PBXBuildFile; fileRef = 487C0287FCCF831B7852D79C /* DropBoxUploader.swift */; };
		487C0B1DFB45868C7D641B48 /* ModelLayer.swift in Sources */ = {isa = PBXBuildFile; fileRef = 487C0D8958381B7E48757E65 /* ModelLayer.swift */; };
		487C0B3ECCB3C8DF1E40F26C /* CDAudit+CoreDataClass.swift in Sources */ = {isa = PBXBuildFile; fileRef = 487C03A4D202FD6C8C0DCAB7 /* CDAudit+CoreDataClass.swift */; };
		487C0B3FDCBE627C600FA736 /* BuilderHelper.swift in Sources */ = {isa = PBXBuildFile; fileRef = 487C0280CCB7182409BBE8E9 /* BuilderHelper.swift */; };
		487C0B7B14EB4882F55BFAA4 /* HomeListViewController.swift in Sources */ = {isa = PBXBuildFile; fileRef = 487C0FCA5F1D6B41467DBCAD /* HomeListViewController.swift */; };
		487C0B8B666530A679BF79AA /* PopOverViewController.swift in Sources */ = {isa = PBXBuildFile; fileRef = 487C033249F5BAF45A4E2AFA /* PopOverViewController.swift */; };
		487C0B9F952F758BA9C5CA5F /* FreezerFridge.json in Resources */ = {isa = PBXBuildFile; fileRef = 487C05F131646B0DA5BA014C /* FreezerFridge.json */; };
		487C0BD7F1DF0AFEFB05050A /* TranslationLayer.swift in Sources */ = {isa = PBXBuildFile; fileRef = 487C03A2F6887784350EBCCB /* TranslationLayer.swift */; };
		487C0BF151EE9CF3667008E6 /* CDAudit+CoreDataProperties.swift in Sources */ = {isa = PBXBuildFile; fileRef = 487C087930871E54E6748664 /* CDAudit+CoreDataProperties.swift */; };
		487C0C0B6AAD6438E6CF398B /* FeaturePresenter.swift in Sources */ = {isa = PBXBuildFile; fileRef = 487C0EA5FE353F7749BA6F8C /* FeaturePresenter.swift */; };
		487C0C10E1FAD8F0605D26E9 /* EnergyStar.swift in Sources */ = {isa = PBXBuildFile; fileRef = 487C0341E5D53FD4FA57F601 /* EnergyStar.swift */; };
		487C0C118C3F4D9902F44CA1 /* RackOven.json in Resources */ = {isa = PBXBuildFile; fileRef = 487C0717EC9AEAAAC021D88F /* RackOven.json */; };
		487C0C838825086E0770A59D /* FeatureViewController.storyboard in Resources */ = {isa = PBXBuildFile; fileRef = 487C0F0E28D1D0C27B2D8DF2 /* FeatureViewController.storyboard */; };
		487C0CCCF0F2E54CD6D191E9 /* RoomListViewController.storyboard in Resources */ = {isa = PBXBuildFile; fileRef = 487C0403FCD811A5A3C6AA70 /* RoomListViewController.storyboard */; };
		487C0CED17CC60EB955C7C01 /* PFRoomAPI.swift in Sources */ = {isa = PBXBuildFile; fileRef = 487C0E4C4EE333D6EFAA7215 /* PFRoomAPI.swift */; };
		487C0D39CCB0EE2F502A01C3 /* EnergyBase.swift in Sources */ = {isa = PBXBuildFile; fileRef = 487C02AD4D9EDCE6CD558AA1 /* EnergyBase.swift */; };
		487C0D88AD3FE5E485016D24 /* CombinationOven.json in Resources */ = {isa = PBXBuildFile; fileRef = 487C0DA52700628ED7753BDD /* CombinationOven.json */; };
		487C0DC5E3B3C053B2682617 /* SteamCooker.json in Resources */ = {isa = PBXBuildFile; fileRef = 487C0D982D8D6E76D37710FC /* SteamCooker.json */; };
		487C0E30377A91EDC24DA2BD /* ZoneListViewController.swift in Sources */ = {isa = PBXBuildFile; fileRef = 487C0436148EC05FE2581AC2 /* ZoneListViewController.swift */; };
		487C0E36EADA87230EAAC067 /* LoginViewController.swift in Sources */ = {isa = PBXBuildFile; fileRef = 487C004CEC4297383988FF70 /* LoginViewController.swift */; };
		487C0E503E431AD787C0F05A /* HomePresenter.swift in Sources */ = {isa = PBXBuildFile; fileRef = 487C0D834F81B2B629A69126 /* HomePresenter.swift */; };
		487C0ED7A66DF107592432AB /* PresenterModal.storyboard in Resources */ = {isa = PBXBuildFile; fileRef = 487C078014FACE4006AD6F7A /* PresenterModal.storyboard */; };
		487C0EF2551E185C1C343764 /* CDRoom+CoreDataProperties.swift in Sources */ = {isa = PBXBuildFile; fileRef = 487C066BFB512554E5BB460A /* CDRoom+CoreDataProperties.swift */; };
		487C0F35EA54E3FE75E52130 /* Griddle.json in Resources */ = {isa = PBXBuildFile; fileRef = 487C020995917A0B33B63F8A /* Griddle.json */; };
		487C0F484A30643FD399E4F9 /* Uploader.swift in Sources */ = {isa = PBXBuildFile; fileRef = 487C06116BD1CA6C25C35791 /* Uploader.swift */; };
		487C0FB995463C425FE2BCC9 /* BasePresenter.swift in Sources */ = {isa = PBXBuildFile; fileRef = 487C08D0843EFF647751E835 /* BasePresenter.swift */; };
/* End PBXBuildFile section */

/* Begin PBXContainerItemProxy section */
		13C23BF51FFF9130009D79A9 /* PBXContainerItemProxy */ = {
			isa = PBXContainerItemProxy;
			containerPortal = 13792E221FC8263F007C525C /* Project object */;
			proxyType = 1;
			remoteGlobalIDString = 13792E291FC8263F007C525C;
			remoteInfo = GEnergyOptimizer;
		};
/* End PBXContainerItemProxy section */

/* Begin PBXFileReference section */
		1318636E1FE6B63800864276 /* ge_green_world_logo_large.png */ = {isa = PBXFileReference; lastKnownFileType = image.png; path = ge_green_world_logo_large.png; sourceTree = "<group>"; };
		13792E2A1FC8263F007C525C /* GEnergyOptimizer.app */ = {isa = PBXFileReference; explicitFileType = wrapper.application; includeInIndex = 0; path = GEnergyOptimizer.app; sourceTree = BUILT_PRODUCTS_DIR; };
		13792E2D1FC8263F007C525C /* AppDelegate.swift */ = {isa = PBXFileReference; lastKnownFileType = sourcecode.swift; path = AppDelegate.swift; sourceTree = "<group>"; };
		13792E321FC8263F007C525C /* Base */ = {isa = PBXFileReference; lastKnownFileType = file.storyboard; name = Base; path = Base.lproj/Main.storyboard; sourceTree = "<group>"; };
		13792E341FC8263F007C525C /* Assets.xcassets */ = {isa = PBXFileReference; lastKnownFileType = folder.assetcatalog; path = Assets.xcassets; sourceTree = "<group>"; };
		13792E371FC8263F007C525C /* Base */ = {isa = PBXFileReference; lastKnownFileType = file.storyboard; name = Base; path = Base.lproj/LaunchScreen.storyboard; sourceTree = "<group>"; };
		13792E391FC8263F007C525C /* Info.plist */ = {isa = PBXFileReference; lastKnownFileType = text.plist.info; path = Info.plist; sourceTree = "<group>"; };
		13C23BF01FFF912F009D79A9 /* GEnergyOptimizerTests.xctest */ = {isa = PBXFileReference; explicitFileType = wrapper.cfbundle; includeInIndex = 0; path = GEnergyOptimizerTests.xctest; sourceTree = BUILT_PRODUCTS_DIR; };
		13C23BF41FFF9130009D79A9 /* Info.plist */ = {isa = PBXFileReference; lastKnownFileType = text.plist.xml; path = Info.plist; sourceTree = "<group>"; };
		13C23BFA1FFF9185009D79A9 /* TestEnergyCalculations.swift */ = {isa = PBXFileReference; fileEncoding = 4; lastKnownFileType = sourcecode.swift; path = TestEnergyCalculations.swift; sourceTree = "<group>"; };
		13E2E300200A3454003F54A4 /* CDFeatureData+CoreDataClass.swift */ = {isa = PBXFileReference; lastKnownFileType = sourcecode.swift; path = "CDFeatureData+CoreDataClass.swift"; sourceTree = "<group>"; };
		13E2E301200A3454003F54A4 /* CDFeatureData+CoreDataProperties.swift */ = {isa = PBXFileReference; lastKnownFileType = sourcecode.swift; path = "CDFeatureData+CoreDataProperties.swift"; sourceTree = "<group>"; };
		13EEB1F6204700FC0089D263 /* Settings.bundle */ = {isa = PBXFileReference; lastKnownFileType = "wrapper.plug-in"; path = Settings.bundle; sourceTree = "<group>"; };
		487C00006A3A8F0204806CF3 /* RoomPresenter.swift */ = {isa = PBXFileReference; fileEncoding = 4; lastKnownFileType = sourcecode.swift; path = RoomPresenter.swift; sourceTree = "<group>"; };
		487C00092FADBF381F0283C0 /* PFPreAuditAPI.swift */ = {isa = PBXFileReference; fileEncoding = 4; lastKnownFileType = sourcecode.swift; path = PFPreAuditAPI.swift; sourceTree = "<group>"; };
		487C001332D8A6CAF12B0256 /* RoomDTO.swift */ = {isa = PBXFileReference; fileEncoding = 4; lastKnownFileType = sourcecode.swift; path = RoomDTO.swift; sourceTree = "<group>"; };
		487C004CEC4297383988FF70 /* LoginViewController.swift */ = {isa = PBXFileReference; fileEncoding = 4; lastKnownFileType = sourcecode.swift; path = LoginViewController.swift; sourceTree = "<group>"; };
		487C006036B1A5E29BBBBB79 /* CDZone+CoreDataClass.swift */ = {isa = PBXFileReference; fileEncoding = 4; lastKnownFileType = sourcecode.swift; path = "CDZone+CoreDataClass.swift"; sourceTree = "<group>"; };
		487C00AAA27BF40E11193B1F /* CDRoom+CoreDataClass.swift */ = {isa = PBXFileReference; fileEncoding = 4; lastKnownFileType = sourcecode.swift; path = "CDRoom+CoreDataClass.swift"; sourceTree = "<group>"; };
		487C00F2E0F041240EEC4824 /* HomeDTO.swift */ = {isa = PBXFileReference; fileEncoding = 4; lastKnownFileType = sourcecode.swift; path = HomeDTO.swift; sourceTree = "<group>"; };
		487C0150969D65E1245C202F /* PopOverPresenter.swift */ = {isa = PBXFileReference; fileEncoding = 4; lastKnownFileType = sourcecode.swift; path = PopOverPresenter.swift; sourceTree = "<group>"; };
		487C0176A47699294D68D8CC /* ParseDataModel.swift */ = {isa = PBXFileReference; fileEncoding = 4; lastKnownFileType = sourcecode.swift; path = ParseDataModel.swift; sourceTree = "<group>"; };
		487C020995917A0B33B63F8A /* Griddle.json */ = {isa = PBXFileReference; fileEncoding = 4; lastKnownFileType = text.json; path = Griddle.json; sourceTree = "<group>"; };
		487C0258D2F9D57C51A3D46B /* lighting.json */ = {isa = PBXFileReference; fileEncoding = 4; lastKnownFileType = text.json; path = lighting.json; sourceTree = "<group>"; };
		487C0280CCB7182409BBE8E9 /* BuilderHelper.swift */ = {isa = PBXFileReference; fileEncoding = 4; lastKnownFileType = sourcecode.swift; path = BuilderHelper.swift; sourceTree = "<group>"; };
		487C0287FCCF831B7852D79C /* DropBoxUploader.swift */ = {isa = PBXFileReference; fileEncoding = 4; lastKnownFileType = sourcecode.swift; path = DropBoxUploader.swift; sourceTree = "<group>"; };
		487C02926DAC42E68D5F059F /* ZonePresenter.swift */ = {isa = PBXFileReference; fileEncoding = 4; lastKnownFileType = sourcecode.swift; path = ZonePresenter.swift; sourceTree = "<group>"; };
		487C02AD4D9EDCE6CD558AA1 /* EnergyBase.swift */ = {isa = PBXFileReference; fileEncoding = 4; lastKnownFileType = sourcecode.swift; path = EnergyBase.swift; sourceTree = "<group>"; };
		487C02C5135F34CDA4F2531A /* hvac.json */ = {isa = PBXFileReference; fileEncoding = 4; lastKnownFileType = text.json; path = hvac.json; sourceTree = "<group>"; };
		487C02E0126554B9837987E8 /* Utils.swift */ = {isa = PBXFileReference; fileEncoding = 4; lastKnownFileType = sourcecode.swift; path = Utils.swift; sourceTree = "<group>"; };
		487C033249F5BAF45A4E2AFA /* PopOverViewController.swift */ = {isa = PBXFileReference; fileEncoding = 4; lastKnownFileType = sourcecode.swift; path = PopOverViewController.swift; sourceTree = "<group>"; };
		487C0339D9331C97B1CAD730 /* ZoneListViewController.storyboard */ = {isa = PBXFileReference; lastKnownFileType = file.storyboard; path = ZoneListViewController.storyboard; sourceTree = "<group>"; };
		487C0341E5D53FD4FA57F601 /* EnergyStar.swift */ = {isa = PBXFileReference; fileEncoding = 4; lastKnownFileType = sourcecode.swift; path = EnergyStar.swift; sourceTree = "<group>"; };
		487C0389091CDF0F798DDA19 /* AuditFactory.swift */ = {isa = PBXFileReference; fileEncoding = 4; lastKnownFileType = sourcecode.swift; path = AuditFactory.swift; sourceTree = "<group>"; };
		487C03A2F6887784350EBCCB /* TranslationLayer.swift */ = {isa = PBXFileReference; fileEncoding = 4; lastKnownFileType = sourcecode.swift; path = TranslationLayer.swift; sourceTree = "<group>"; };
		487C03A4D202FD6C8C0DCAB7 /* CDAudit+CoreDataClass.swift */ = {isa = PBXFileReference; fileEncoding = 4; lastKnownFileType = sourcecode.swift; path = "CDAudit+CoreDataClass.swift"; sourceTree = "<group>"; };
		487C0403FCD811A5A3C6AA70 /* RoomListViewController.storyboard */ = {isa = PBXFileReference; lastKnownFileType = file.storyboard; path = RoomListViewController.storyboard; sourceTree = "<group>"; };
		487C0436148EC05FE2581AC2 /* ZoneListViewController.swift */ = {isa = PBXFileReference; fileEncoding = 4; lastKnownFileType = sourcecode.swift; path = ZoneListViewController.swift; sourceTree = "<group>"; };
		487C046CBA6CB57F53D16115 /* Fryer.swift */ = {isa = PBXFileReference; fileEncoding = 4; lastKnownFileType = sourcecode.swift; path = Fryer.swift; sourceTree = "<group>"; };
		487C046F2324ACBDDD52E289 /* motors.json */ = {isa = PBXFileReference; fileEncoding = 4; lastKnownFileType = text.json; path = motors.json; sourceTree = "<group>"; };
		487C052DF9D160600065DA02 /* Commons.swift */ = {isa = PBXFileReference; fileEncoding = 4; lastKnownFileType = sourcecode.swift; path = Commons.swift; sourceTree = "<group>"; };
		487C05347380812558E3559A /* ConvectionOven.json */ = {isa = PBXFileReference; fileEncoding = 4; lastKnownFileType = text.json; path = ConvectionOven.json; sourceTree = "<group>"; };
		487C0542B89E1AFFAADEC49B /* GEnergy.swift */ = {isa = PBXFileReference; fileEncoding = 4; lastKnownFileType = sourcecode.swift; path = GEnergy.swift; sourceTree = "<group>"; };
		487C054AC728BAFE30A431B0 /* PeakHourMapper.swift */ = {isa = PBXFileReference; fileEncoding = 4; lastKnownFileType = sourcecode.swift; path = PeakHourMapper.swift; sourceTree = "<group>"; };
		487C05F131646B0DA5BA014C /* FreezerFridge.json */ = {isa = PBXFileReference; fileEncoding = 4; lastKnownFileType = text.json; path = FreezerFridge.json; sourceTree = "<group>"; };
		487C0609C3EF74717B0FF91B /* Enums.swift */ = {isa = PBXFileReference; fileEncoding = 4; lastKnownFileType = sourcecode.swift; path = Enums.swift; sourceTree = "<group>"; };
		487C06116BD1CA6C25C35791 /* Uploader.swift */ = {isa = PBXFileReference; fileEncoding = 4; lastKnownFileType = sourcecode.swift; path = Uploader.swift; sourceTree = "<group>"; };
		487C066BFB512554E5BB460A /* CDRoom+CoreDataProperties.swift */ = {isa = PBXFileReference; fileEncoding = 4; lastKnownFileType = sourcecode.swift; path = "CDRoom+CoreDataProperties.swift"; sourceTree = "<group>"; };
		487C06949DEE6E459B24DF35 /* FormFactory.swift */ = {isa = PBXFileReference; fileEncoding = 4; lastKnownFileType = sourcecode.swift; path = FormFactory.swift; sourceTree = "<group>"; };
		487C06A0ABFB535F6533D603 /* HomeListCell.xib */ = {isa = PBXFileReference; lastKnownFileType = file.xib; path = HomeListCell.xib; sourceTree = "<group>"; };
		487C06C55F0E61EA77C8AC59 /* HotFoodCabinet.json */ = {isa = PBXFileReference; fileEncoding = 4; lastKnownFileType = text.json; path = HotFoodCabinet.json; sourceTree = "<group>"; };
		487C06DFF514E28ED6EE7679 /* HVAC.swift */ = {isa = PBXFileReference; fileEncoding = 4; lastKnownFileType = sourcecode.swift; path = HVAC.swift; sourceTree = "<group>"; };
		487C0717EC9AEAAAC021D88F /* RackOven.json */ = {isa = PBXFileReference; fileEncoding = 4; lastKnownFileType = text.json; path = RackOven.json; sourceTree = "<group>"; };
		487C07623C4CF0D16624DE2B /* FormDataModel.swift */ = {isa = PBXFileReference; fileEncoding = 4; lastKnownFileType = sourcecode.swift; path = FormDataModel.swift; sourceTree = "<group>"; };
		487C078014FACE4006AD6F7A /* PresenterModal.storyboard */ = {isa = PBXFileReference; lastKnownFileType = file.storyboard; path = PresenterModal.storyboard; sourceTree = "<group>"; };
		487C07C91AE8796EA65944E2 /* RoomListViewController.swift */ = {isa = PBXFileReference; fileEncoding = 4; lastKnownFileType = sourcecode.swift; path = RoomListViewController.swift; sourceTree = "<group>"; };
		487C080941112BEE2DFCA5A6 /* ZoneDTO.swift */ = {isa = PBXFileReference; fileEncoding = 4; lastKnownFileType = sourcecode.swift; path = ZoneDTO.swift; sourceTree = "<group>"; };
		487C080A4E1D4167F0F86C03 /* Fryer.json */ = {isa = PBXFileReference; fileEncoding = 4; lastKnownFileType = text.json; path = Fryer.json; sourceTree = "<group>"; };
		487C0853D485C19C3121BC98 /* CoreDataAPI.swift */ = {isa = PBXFileReference; fileEncoding = 4; lastKnownFileType = sourcecode.swift; path = CoreDataAPI.swift; sourceTree = "<group>"; };
		487C087930871E54E6748664 /* CDAudit+CoreDataProperties.swift */ = {isa = PBXFileReference; fileEncoding = 4; lastKnownFileType = sourcecode.swift; path = "CDAudit+CoreDataProperties.swift"; sourceTree = "<group>"; };
		487C087C1601EE87A454A49D /* UtilityMapper.swift */ = {isa = PBXFileReference; fileEncoding = 4; lastKnownFileType = sourcecode.swift; path = UtilityMapper.swift; sourceTree = "<group>"; };
		487C0891514C7276FBA79B2B /* Refrigerator.swift */ = {isa = PBXFileReference; fileEncoding = 4; lastKnownFileType = sourcecode.swift; path = Refrigerator.swift; sourceTree = "<group>"; };
		487C08D0843EFF647751E835 /* BasePresenter.swift */ = {isa = PBXFileReference; fileEncoding = 4; lastKnownFileType = sourcecode.swift; path = BasePresenter.swift; sourceTree = "<group>"; };
		487C094A2A0F68FF10E9AFBD /* IceMaker.json */ = {isa = PBXFileReference; fileEncoding = 4; lastKnownFileType = text.json; path = IceMaker.json; sourceTree = "<group>"; };
		487C09A30CA8FAA764471D7B /* pge_electric.csv */ = {isa = PBXFileReference; lastKnownFileType = file.csv; path = pge_electric.csv; sourceTree = "<group>"; };
		487C09E7BFD390D46EFB6FB0 /* FormBuilder.swift */ = {isa = PBXFileReference; fileEncoding = 4; lastKnownFileType = sourcecode.swift; path = FormBuilder.swift; sourceTree = "<group>"; };
		487C0A39AC6B004B52564DAC /* preaudit.json */ = {isa = PBXFileReference; fileEncoding = 4; lastKnownFileType = text.json; path = preaudit.json; sourceTree = "<group>"; };
		487C0A72B41F6A46089909DB /* FactoryHelper.swift */ = {isa = PBXFileReference; fileEncoding = 4; lastKnownFileType = sourcecode.swift; path = FactoryHelper.swift; sourceTree = "<group>"; };
		487C0A8893E6DE7AA3A47A15 /* ConveyorOven.json */ = {isa = PBXFileReference; fileEncoding = 4; lastKnownFileType = text.json; path = ConveyorOven.json; sourceTree = "<group>"; };
		487C0ABC563E7E0A7C3C9BA8 /* DataLayer.swift */ = {isa = PBXFileReference; fileEncoding = 4; lastKnownFileType = sourcecode.swift; path = DataLayer.swift; sourceTree = "<group>"; };
		487C0AD00AFF79848118D6B3 /* PFZoneAPI.swift */ = {isa = PBXFileReference; fileEncoding = 4; lastKnownFileType = sourcecode.swift; path = PFZoneAPI.swift; sourceTree = "<group>"; };
		487C0B30FABF88B4BBCA9B97 /* GEModel.xcdatamodel */ = {isa = PBXFileReference; lastKnownFileType = wrapper.xcdatamodel; path = GEModel.xcdatamodel; sourceTree = "<group>"; };
		487C0B3888F1C4E84CE9003C /* PlugloadAPI.swift */ = {isa = PBXFileReference; fileEncoding = 4; lastKnownFileType = sourcecode.swift; path = PlugloadAPI.swift; sourceTree = "<group>"; };
		487C0C8AC85C3BD96316E2D9 /* PFAuditAPI.swift */ = {isa = PBXFileReference; fileEncoding = 4; lastKnownFileType = sourcecode.swift; path = PFAuditAPI.swift; sourceTree = "<group>"; };
		487C0C8D7C0CD8F8E871A36C /* GEFormViewController.swift */ = {isa = PBXFileReference; fileEncoding = 4; lastKnownFileType = sourcecode.swift; path = GEFormViewController.swift; sourceTree = "<group>"; };
		487C0CC29DB67E6191A4E1FE /* CDZone+CoreDataProperties.swift */ = {isa = PBXFileReference; fileEncoding = 4; lastKnownFileType = sourcecode.swift; path = "CDZone+CoreDataProperties.swift"; sourceTree = "<group>"; };
		487C0D0F28FCED867B8E41F1 /* HomeListCell.swift */ = {isa = PBXFileReference; fileEncoding = 4; lastKnownFileType = sourcecode.swift; path = HomeListCell.swift; sourceTree = "<group>"; };
		487C0D51983BDBEB57429FBE /* FeatureViewController.swift */ = {isa = PBXFileReference; fileEncoding = 4; lastKnownFileType = sourcecode.swift; path = FeatureViewController.swift; sourceTree = "<group>"; };
		487C0D834F81B2B629A69126 /* HomePresenter.swift */ = {isa = PBXFileReference; fileEncoding = 4; lastKnownFileType = sourcecode.swift; path = HomePresenter.swift; sourceTree = "<group>"; };
		487C0D8958381B7E48757E65 /* ModelLayer.swift */ = {isa = PBXFileReference; fileEncoding = 4; lastKnownFileType = sourcecode.swift; path = ModelLayer.swift; sourceTree = "<group>"; };
		487C0D982D8D6E76D37710FC /* SteamCooker.json */ = {isa = PBXFileReference; fileEncoding = 4; lastKnownFileType = text.json; path = SteamCooker.json; sourceTree = "<group>"; };
		487C0DA52700628ED7753BDD /* CombinationOven.json */ = {isa = PBXFileReference; fileEncoding = 4; lastKnownFileType = text.json; path = CombinationOven.json; sourceTree = "<group>"; };
		487C0E4C4EE333D6EFAA7215 /* PFRoomAPI.swift */ = {isa = PBXFileReference; fileEncoding = 4; lastKnownFileType = sourcecode.swift; path = PFRoomAPI.swift; sourceTree = "<group>"; };
		487C0E8606927593C2F09607 /* pge_gas.csv */ = {isa = PBXFileReference; lastKnownFileType = file.csv; path = pge_gas.csv; sourceTree = "<group>"; };
		487C0EA5FE353F7749BA6F8C /* FeaturePresenter.swift */ = {isa = PBXFileReference; fileEncoding = 4; lastKnownFileType = sourcecode.swift; path = FeaturePresenter.swift; sourceTree = "<group>"; };
		487C0EAEAF589C2BEC0E07AE /* BestModel.swift */ = {isa = PBXFileReference; fileEncoding = 4; lastKnownFileType = sourcecode.swift; path = BestModel.swift; sourceTree = "<group>"; };
		487C0F0E28D1D0C27B2D8DF2 /* FeatureViewController.storyboard */ = {isa = PBXFileReference; lastKnownFileType = file.storyboard; path = FeatureViewController.storyboard; sourceTree = "<group>"; };
		487C0F4762FDB1D0CBC61919 /* header.csv */ = {isa = PBXFileReference; lastKnownFileType = file.csv; path = header.csv; sourceTree = "<group>"; };
		487C0FA36CFC01D2BB775C77 /* StateController.swift */ = {isa = PBXFileReference; fileEncoding = 4; lastKnownFileType = sourcecode.swift; path = StateController.swift; sourceTree = "<group>"; };
		487C0FCA5F1D6B41467DBCAD /* HomeListViewController.swift */ = {isa = PBXFileReference; fileEncoding = 4; lastKnownFileType = sourcecode.swift; path = HomeListViewController.swift; sourceTree = "<group>"; };
		A01F77AED5091697259E640E /* Pods_GEnergyOptimizer.framework */ = {isa = PBXFileReference; explicitFileType = wrapper.framework; includeInIndex = 0; path = Pods_GEnergyOptimizer.framework; sourceTree = BUILT_PRODUCTS_DIR; };
		A15D3624ECE18A4520C55D2A /* Pods-GEnergyOptimizer.debug.xcconfig */ = {isa = PBXFileReference; includeInIndex = 1; lastKnownFileType = text.xcconfig; name = "Pods-GEnergyOptimizer.debug.xcconfig"; path = "Pods/Target Support Files/Pods-GEnergyOptimizer/Pods-GEnergyOptimizer.debug.xcconfig"; sourceTree = "<group>"; };
		A201673394E6D63D27D56499 /* Pods-GEnergyOptimizer.release.xcconfig */ = {isa = PBXFileReference; includeInIndex = 1; lastKnownFileType = text.xcconfig; name = "Pods-GEnergyOptimizer.release.xcconfig"; path = "Pods/Target Support Files/Pods-GEnergyOptimizer/Pods-GEnergyOptimizer.release.xcconfig"; sourceTree = "<group>"; };
/* End PBXFileReference section */

/* Begin PBXFrameworksBuildPhase section */
		13792E271FC8263F007C525C /* Frameworks */ = {
			isa = PBXFrameworksBuildPhase;
			buildActionMask = 2147483647;
			files = (
				34DCCF82941666505C8DA62B /* Pods_GEnergyOptimizer.framework in Frameworks */,
			);
			runOnlyForDeploymentPostprocessing = 0;
		};
		13C23BED1FFF912F009D79A9 /* Frameworks */ = {
			isa = PBXFrameworksBuildPhase;
			buildActionMask = 2147483647;
			files = (
			);
			runOnlyForDeploymentPostprocessing = 0;
		};
/* End PBXFrameworksBuildPhase section */

/* Begin PBXGroup section */
		1335BF3F1FD01D7A00402515 /* Resources */ = {
			isa = PBXGroup;
			children = (
				1318636E1FE6B63800864276 /* ge_green_world_logo_large.png */,
			);
			path = Resources;
			sourceTree = "<group>";
		};
		1335BF401FD01DBA00402515 /* _Ignore */ = {
			isa = PBXGroup;
			children = (
				13792E361FC8263F007C525C /* LaunchScreen.storyboard */,
				13792E391FC8263F007C525C /* Info.plist */,
			);
			path = _Ignore;
			sourceTree = "<group>";
		};
		13792E211FC8263F007C525C = {
			isa = PBXGroup;
			children = (
				13792E2C1FC8263F007C525C /* GEnergyOptimizer */,
				1335BF3F1FD01D7A00402515 /* Resources */,
				13C23BF11FFF9130009D79A9 /* GEnergyOptimizerTests */,
				13792E2B1FC8263F007C525C /* Products */,
				7132CAF8477AE8478BA97A60 /* Pods */,
				F621CE2E4F16516C67438D67 /* Frameworks */,
			);
			sourceTree = "<group>";
		};
		13792E2B1FC8263F007C525C /* Products */ = {
			isa = PBXGroup;
			children = (
				13792E2A1FC8263F007C525C /* GEnergyOptimizer.app */,
				13C23BF01FFF912F009D79A9 /* GEnergyOptimizerTests.xctest */,
			);
			name = Products;
			sourceTree = "<group>";
		};
		13792E2C1FC8263F007C525C /* GEnergyOptimizer */ = {
			isa = PBXGroup;
			children = (
				13EEB1F12046AE0A0089D263 /* Supporting Files */,
				13792E311FC8263F007C525C /* Main.storyboard */,
				13792E2D1FC8263F007C525C /* AppDelegate.swift */,
				487C0FAE22A81E30DCAF5301 /* Model */,
				487C08C8CD388624FD855FB3 /* _Helper */,
				487C0B48260C309DC8FCD1B5 /* Presentation */,
				1335BF401FD01DBA00402515 /* _Ignore */,
				13792E341FC8263F007C525C /* Assets.xcassets */,
				487C036FBCC3B6ED72B5268E /* Business */,
				487C067B36B0EB4936FA47CB /* Factory */,
			);
			path = GEnergyOptimizer;
			sourceTree = "<group>";
		};
		13C23BF11FFF9130009D79A9 /* GEnergyOptimizerTests */ = {
			isa = PBXGroup;
			children = (
				13C23BFA1FFF9185009D79A9 /* TestEnergyCalculations.swift */,
				13C23BF41FFF9130009D79A9 /* Info.plist */,
				487C00006A3A8F0204806CF3 /* RoomPresenter.swift */,
			);
			path = GEnergyOptimizerTests;
			sourceTree = "<group>";
		};
		13EEB1F12046AE0A0089D263 /* Supporting Files */ = {
			isa = PBXGroup;
			children = (
				13EEB1F6204700FC0089D263 /* Settings.bundle */,
			);
			path = "Supporting Files";
			sourceTree = "<group>";
		};
		487C00169495D9FD8B74E5B4 /* Database */ = {
			isa = PBXGroup;
			children = (
				487C0ACAA4DAAD1FDAD6D75F /* CoreData */,
				487C0ABC563E7E0A7C3C9BA8 /* DataLayer.swift */,
				487C08CF1070F37AFD31BABD /* Parse */,
			);
			path = Database;
			sourceTree = "<group>";
		};
		487C005EA506AC52A2F0E6EA /* Translation */ = {
			isa = PBXGroup;
			children = (
				487C03A2F6887784350EBCCB /* TranslationLayer.swift */,
			);
			path = Translation;
			sourceTree = "<group>";
		};
		487C00B68ED8CD8D6632A9D2 /* Uploader */ = {
			isa = PBXGroup;
			children = (
				487C06116BD1CA6C25C35791 /* Uploader.swift */,
				487C0287FCCF831B7852D79C /* DropBoxUploader.swift */,
			);
			path = Uploader;
			sourceTree = "<group>";
		};
		487C01F5FC90E0212CF08B6E /* Home */ = {
			isa = PBXGroup;
			children = (
				487C0FCA5F1D6B41467DBCAD /* HomeListViewController.swift */,
				487C0D834F81B2B629A69126 /* HomePresenter.swift */,
				487C0777C6E2141C6F3649B2 /* Cell */,
			);
			path = Home;
			sourceTree = "<group>";
		};
		487C036FBCC3B6ED72B5268E /* Business */ = {
			isa = PBXGroup;
			children = (
				487C0BAF9FF5B668D56C3CD6 /* Device */,
				487C09DC1B4ACE0BA995C7E0 /* Utility */,
				487C08842A3D80102B695870 /* Energy */,
				487C00B68ED8CD8D6632A9D2 /* Uploader */,
				487C0542B89E1AFFAADEC49B /* GEnergy.swift */,
			);
			path = Business;
			sourceTree = "<group>";
		};
		487C0489EBC89721CE5398E8 /* DataObject */ = {
			isa = PBXGroup;
			children = (
				487C0D7CE809BF52909A2ED5 /* Table */,
				487C05DF8827F337104C6F84 /* Form */,
				487C08AAD54BBA055C1A08C5 /* Plugload */,
			);
			path = DataObject;
			sourceTree = "<group>";
		};
		487C051B4EB1272E8F8136C3 /* Feature */ = {
			isa = PBXGroup;
			children = (
				487C0F0E28D1D0C27B2D8DF2 /* FeatureViewController.storyboard */,
				487C0D51983BDBEB57429FBE /* FeatureViewController.swift */,
				487C0EA5FE353F7749BA6F8C /* FeaturePresenter.swift */,
			);
			path = Feature;
			sourceTree = "<group>";
		};
		487C05DF8827F337104C6F84 /* Form */ = {
			isa = PBXGroup;
			children = (
				487C0BAC889522046325BCCB /* Config */,
				487C07623C4CF0D16624DE2B /* FormDataModel.swift */,
			);
			path = Form;
			sourceTree = "<group>";
		};
		487C06161F14F38EA9572A0A /* Zone */ = {
			isa = PBXGroup;
			children = (
				487C0339D9331C97B1CAD730 /* ZoneListViewController.storyboard */,
				487C0436148EC05FE2581AC2 /* ZoneListViewController.swift */,
				487C02926DAC42E68D5F059F /* ZonePresenter.swift */,
				487C078014FACE4006AD6F7A /* PresenterModal.storyboard */,
				487C033249F5BAF45A4E2AFA /* PopOverViewController.swift */,
				487C0150969D65E1245C202F /* PopOverPresenter.swift */,
			);
			path = Zone;
			sourceTree = "<group>";
		};
		487C067B36B0EB4936FA47CB /* Factory */ = {
			isa = PBXGroup;
			children = (
				487C06949DEE6E459B24DF35 /* FormFactory.swift */,
				487C09E7BFD390D46EFB6FB0 /* FormBuilder.swift */,
				487C0389091CDF0F798DDA19 /* AuditFactory.swift */,
			);
			path = Factory;
			sourceTree = "<group>";
		};
		487C0777C6E2141C6F3649B2 /* Cell */ = {
			isa = PBXGroup;
			children = (
				487C06A0ABFB535F6533D603 /* HomeListCell.xib */,
				487C0D0F28FCED867B8E41F1 /* HomeListCell.swift */,
			);
			path = Cell;
			sourceTree = "<group>";
		};
		487C07EB859B00E03446F4F0 /* Appliances */ = {
			isa = PBXGroup;
			children = (
				487C0DA52700628ED7753BDD /* CombinationOven.json */,
				487C05347380812558E3559A /* ConvectionOven.json */,
				487C0A8893E6DE7AA3A47A15 /* ConveyorOven.json */,
				487C05F131646B0DA5BA014C /* FreezerFridge.json */,
				487C080A4E1D4167F0F86C03 /* Fryer.json */,
				487C020995917A0B33B63F8A /* Griddle.json */,
				487C06C55F0E61EA77C8AC59 /* HotFoodCabinet.json */,
				487C094A2A0F68FF10E9AFBD /* IceMaker.json */,
				487C0717EC9AEAAAC021D88F /* RackOven.json */,
				487C0D982D8D6E76D37710FC /* SteamCooker.json */,
			);
			path = Appliances;
			sourceTree = "<group>";
		};
		487C08842A3D80102B695870 /* Energy */ = {
			isa = PBXGroup;
			children = (
				487C0EAEAF589C2BEC0E07AE /* BestModel.swift */,
				487C02AD4D9EDCE6CD558AA1 /* EnergyBase.swift */,
				487C0341E5D53FD4FA57F601 /* EnergyStar.swift */,
			);
			path = Energy;
			sourceTree = "<group>";
		};
		487C08AAD54BBA055C1A08C5 /* Plugload */ = {
			isa = PBXGroup;
			children = (
				487C0F4762FDB1D0CBC61919 /* header.csv */,
			);
			path = Plugload;
			sourceTree = "<group>";
		};
		487C08C8CD388624FD855FB3 /* _Helper */ = {
			isa = PBXGroup;
			children = (
				487C0A72B41F6A46089909DB /* FactoryHelper.swift */,
				487C02E0126554B9837987E8 /* Utils.swift */,
				487C0280CCB7182409BBE8E9 /* BuilderHelper.swift */,
				487C052DF9D160600065DA02 /* Commons.swift */,
				487C0609C3EF74717B0FF91B /* Enums.swift */,
			);
			path = _Helper;
			sourceTree = "<group>";
		};
		487C08CF1070F37AFD31BABD /* Parse */ = {
			isa = PBXGroup;
			children = (
				487C0176A47699294D68D8CC /* ParseDataModel.swift */,
				487C0FB2C8F7E2C6D20FF659 /* API */,
			);
			path = Parse;
			sourceTree = "<group>";
		};
		487C090808A231BEC1EC6145 /* NSManagedObjects */ = {
			isa = PBXGroup;
			children = (
				13E2E300200A3454003F54A4 /* CDFeatureData+CoreDataClass.swift */,
				13E2E301200A3454003F54A4 /* CDFeatureData+CoreDataProperties.swift */,
				487C066BFB512554E5BB460A /* CDRoom+CoreDataProperties.swift */,
				487C006036B1A5E29BBBBB79 /* CDZone+CoreDataClass.swift */,
				487C0CC29DB67E6191A4E1FE /* CDZone+CoreDataProperties.swift */,
				487C087930871E54E6748664 /* CDAudit+CoreDataProperties.swift */,
				487C03A4D202FD6C8C0DCAB7 /* CDAudit+CoreDataClass.swift */,
				487C00AAA27BF40E11193B1F /* CDRoom+CoreDataClass.swift */,
			);
			path = NSManagedObjects;
			sourceTree = "<group>";
		};
		487C09DC1B4ACE0BA995C7E0 /* Utility */ = {
			isa = PBXGroup;
			children = (
				487C087C1601EE87A454A49D /* UtilityMapper.swift */,
				487C054AC728BAFE30A431B0 /* PeakHourMapper.swift */,
				487C0EACD09D6D4CD21AF4CB /* Data */,
			);
			path = Utility;
			sourceTree = "<group>";
		};
		487C0ACAA4DAAD1FDAD6D75F /* CoreData */ = {
			isa = PBXGroup;
			children = (
				487C090808A231BEC1EC6145 /* NSManagedObjects */,
				487C0853D485C19C3121BC98 /* CoreDataAPI.swift */,
				487C0B30FABF88B4BBCA9B97 /* GEModel.xcdatamodel */,
			);
			path = CoreData;
			sourceTree = "<group>";
		};
		487C0B48260C309DC8FCD1B5 /* Presentation */ = {
			isa = PBXGroup;
			children = (
				487C0F1CD64F054BB8F04D10 /* Audit */,
				487C01F5FC90E0212CF08B6E /* Home */,
				487C004CEC4297383988FF70 /* LoginViewController.swift */,
				487C0C8D7C0CD8F8E871A36C /* GEFormViewController.swift */,
				487C08D0843EFF647751E835 /* BasePresenter.swift */,
			);
			path = Presentation;
			sourceTree = "<group>";
		};
		487C0BAC889522046325BCCB /* Config */ = {
			isa = PBXGroup;
			children = (
				487C0258D2F9D57C51A3D46B /* lighting.json */,
				487C0A39AC6B004B52564DAC /* preaudit.json */,
				487C02C5135F34CDA4F2531A /* hvac.json */,
				487C046F2324ACBDDD52E289 /* motors.json */,
				487C07EB859B00E03446F4F0 /* Appliances */,
			);
			path = Config;
			sourceTree = "<group>";
		};
		487C0BAF9FF5B668D56C3CD6 /* Device */ = {
			isa = PBXGroup;
			children = (
				487C0891514C7276FBA79B2B /* Refrigerator.swift */,
				487C06DFF514E28ED6EE7679 /* HVAC.swift */,
				487C046CBA6CB57F53D16115 /* Fryer.swift */,
			);
			path = Device;
			sourceTree = "<group>";
		};
		487C0D622CD54B4DEA03E8AE /* Room */ = {
			isa = PBXGroup;
			children = (
				487C07C91AE8796EA65944E2 /* RoomListViewController.swift */,
				487C0403FCD811A5A3C6AA70 /* RoomListViewController.storyboard */,
			);
			path = Room;
			sourceTree = "<group>";
		};
		487C0D7CE809BF52909A2ED5 /* Table */ = {
			isa = PBXGroup;
			children = (
				487C00F2E0F041240EEC4824 /* HomeDTO.swift */,
				487C001332D8A6CAF12B0256 /* RoomDTO.swift */,
				487C080941112BEE2DFCA5A6 /* ZoneDTO.swift */,
			);
			path = Table;
			sourceTree = "<group>";
		};
		487C0EACD09D6D4CD21AF4CB /* Data */ = {
			isa = PBXGroup;
			children = (
				487C09A30CA8FAA764471D7B /* pge_electric.csv */,
				487C0E8606927593C2F09607 /* pge_gas.csv */,
			);
			path = Data;
			sourceTree = "<group>";
		};
		487C0F1CD64F054BB8F04D10 /* Audit */ = {
			isa = PBXGroup;
			children = (
				487C051B4EB1272E8F8136C3 /* Feature */,
				487C0D622CD54B4DEA03E8AE /* Room */,
				487C06161F14F38EA9572A0A /* Zone */,
			);
			path = Audit;
			sourceTree = "<group>";
		};
		487C0FAE22A81E30DCAF5301 /* Model */ = {
			isa = PBXGroup;
			children = (
				487C0D8958381B7E48757E65 /* ModelLayer.swift */,
				487C00169495D9FD8B74E5B4 /* Database */,
				487C005EA506AC52A2F0E6EA /* Translation */,
				487C0489EBC89721CE5398E8 /* DataObject */,
				487C0FA36CFC01D2BB775C77 /* StateController.swift */,
			);
			path = Model;
			sourceTree = "<group>";
		};
		487C0FB2C8F7E2C6D20FF659 /* API */ = {
			isa = PBXGroup;
			children = (
				487C0C8AC85C3BD96316E2D9 /* PFAuditAPI.swift */,
				487C0AD00AFF79848118D6B3 /* PFZoneAPI.swift */,
				487C00092FADBF381F0283C0 /* PFPreAuditAPI.swift */,
				487C0E4C4EE333D6EFAA7215 /* PFRoomAPI.swift */,
				487C0B3888F1C4E84CE9003C /* PlugloadAPI.swift */,
			);
			path = API;
			sourceTree = "<group>";
		};
		7132CAF8477AE8478BA97A60 /* Pods */ = {
			isa = PBXGroup;
			children = (
				A15D3624ECE18A4520C55D2A /* Pods-GEnergyOptimizer.debug.xcconfig */,
				A201673394E6D63D27D56499 /* Pods-GEnergyOptimizer.release.xcconfig */,
			);
			name = Pods;
			sourceTree = "<group>";
		};
		F621CE2E4F16516C67438D67 /* Frameworks */ = {
			isa = PBXGroup;
			children = (
				A01F77AED5091697259E640E /* Pods_GEnergyOptimizer.framework */,
			);
			name = Frameworks;
			sourceTree = "<group>";
		};
/* End PBXGroup section */

/* Begin PBXNativeTarget section */
		13792E291FC8263F007C525C /* GEnergyOptimizer */ = {
			isa = PBXNativeTarget;
			buildConfigurationList = 13792E3C1FC8263F007C525C /* Build configuration list for PBXNativeTarget "GEnergyOptimizer" */;
			buildPhases = (
				D48F43317CE32ED16501E689 /* [CP] Check Pods Manifest.lock */,
				13792E261FC8263F007C525C /* Sources */,
				13792E271FC8263F007C525C /* Frameworks */,
				13792E281FC8263F007C525C /* Resources */,
				5D4A5AEA11F9C030AF4A2361 /* [CP] Embed Pods Frameworks */,
				C28898E67EE4F679079CA986 /* [CP] Copy Pods Resources */,
			);
			buildRules = (
			);
			dependencies = (
			);
			name = GEnergyOptimizer;
			productName = GEnergyOptimizer;
			productReference = 13792E2A1FC8263F007C525C /* GEnergyOptimizer.app */;
			productType = "com.apple.product-type.application";
		};
		13C23BEF1FFF912F009D79A9 /* GEnergyOptimizerTests */ = {
			isa = PBXNativeTarget;
			buildConfigurationList = 13C23BF71FFF9130009D79A9 /* Build configuration list for PBXNativeTarget "GEnergyOptimizerTests" */;
			buildPhases = (
				13C23BEC1FFF912F009D79A9 /* Sources */,
				13C23BED1FFF912F009D79A9 /* Frameworks */,
				13C23BEE1FFF912F009D79A9 /* Resources */,
			);
			buildRules = (
			);
			dependencies = (
				13C23BF61FFF9130009D79A9 /* PBXTargetDependency */,
			);
			name = GEnergyOptimizerTests;
			productName = GEnergyOptimizerTests;
			productReference = 13C23BF01FFF912F009D79A9 /* GEnergyOptimizerTests.xctest */;
			productType = "com.apple.product-type.bundle.unit-test";
		};
/* End PBXNativeTarget section */

/* Begin PBXProject section */
		13792E221FC8263F007C525C /* Project object */ = {
			isa = PBXProject;
			attributes = {
				LastSwiftUpdateCheck = 0910;
				LastUpgradeCheck = 0910;
				ORGANIZATIONNAME = GeminiEnergyServices;
				TargetAttributes = {
					13792E291FC8263F007C525C = {
						CreatedOnToolsVersion = 9.1;
						ProvisioningStyle = Manual;
					};
					13C23BEF1FFF912F009D79A9 = {
						CreatedOnToolsVersion = 9.1;
						ProvisioningStyle = Automatic;
						TestTargetID = 13792E291FC8263F007C525C;
					};
				};
			};
			buildConfigurationList = 13792E251FC8263F007C525C /* Build configuration list for PBXProject "GEnergyOptimizer" */;
			compatibilityVersion = "Xcode 8.0";
			developmentRegion = en;
			hasScannedForEncodings = 0;
			knownRegions = (
				en,
				Base,
			);
			mainGroup = 13792E211FC8263F007C525C;
			productRefGroup = 13792E2B1FC8263F007C525C /* Products */;
			projectDirPath = "";
			projectRoot = "";
			targets = (
				13792E291FC8263F007C525C /* GEnergyOptimizer */,
				13C23BEF1FFF912F009D79A9 /* GEnergyOptimizerTests */,
			);
		};
/* End PBXProject section */

/* Begin PBXResourcesBuildPhase section */
		13792E281FC8263F007C525C /* Resources */ = {
			isa = PBXResourcesBuildPhase;
			buildActionMask = 2147483647;
			files = (
				13792E381FC8263F007C525C /* LaunchScreen.storyboard in Resources */,
				13792E351FC8263F007C525C /* Assets.xcassets in Resources */,
				13792E331FC8263F007C525C /* Main.storyboard in Resources */,
				1318636F1FE6B63800864276 /* ge_green_world_logo_large.png in Resources */,
				487C0C838825086E0770A59D /* FeatureViewController.storyboard in Resources */,
				487C0CCCF0F2E54CD6D191E9 /* RoomListViewController.storyboard in Resources */,
				487C01FA258D297F629D6C9C /* ZoneListViewController.storyboard in Resources */,
				487C02892678BC45AF096F1B /* HomeListCell.xib in Resources */,
				487C03CE29609B28D298703B /* lighting.json in Resources */,
				487C0A4D069561BD894028D3 /* preaudit.json in Resources */,
				487C05E9F03B7AB099E31A39 /* hvac.json in Resources */,
				487C098E7053A832C7DE6BBF /* motors.json in Resources */,
				487C00846D6D5773850606F6 /* header.csv in Resources */,
				487C0ED7A66DF107592432AB /* PresenterModal.storyboard in Resources */,
				487C0D88AD3FE5E485016D24 /* CombinationOven.json in Resources */,
				487C07675659271A16C13748 /* ConvectionOven.json in Resources */,
				487C019E5450A75C2BEE74E1 /* ConveyorOven.json in Resources */,
				487C0B9F952F758BA9C5CA5F /* FreezerFridge.json in Resources */,
				487C015B90C93ED9663F3C73 /* Fryer.json in Resources */,
				13EEB1F7204700FC0089D263 /* Settings.bundle in Resources */,
				487C0F35EA54E3FE75E52130 /* Griddle.json in Resources */,
				487C08279D0C229A83A1D318 /* HotFoodCabinet.json in Resources */,
				487C0270E2B349E0409B0167 /* IceMaker.json in Resources */,
				487C0C118C3F4D9902F44CA1 /* RackOven.json in Resources */,
				487C0DC5E3B3C053B2682617 /* SteamCooker.json in Resources */,
				487C09B103443C784E96E93B /* pge_electric.csv in Resources */,
				487C014CFBF711963B2567E0 /* pge_gas.csv in Resources */,
			);
			runOnlyForDeploymentPostprocessing = 0;
		};
		13C23BEE1FFF912F009D79A9 /* Resources */ = {
			isa = PBXResourcesBuildPhase;
			buildActionMask = 2147483647;
			files = (
			);
			runOnlyForDeploymentPostprocessing = 0;
		};
/* End PBXResourcesBuildPhase section */

/* Begin PBXShellScriptBuildPhase section */
		5D4A5AEA11F9C030AF4A2361 /* [CP] Embed Pods Frameworks */ = {
			isa = PBXShellScriptBuildPhase;
			buildActionMask = 2147483647;
			files = (
			);
			inputPaths = (
				"${SRCROOT}/Pods/Target Support Files/Pods-GEnergyOptimizer/Pods-GEnergyOptimizer-frameworks.sh",
				"${BUILT_PRODUCTS_DIR}/Alamofire/Alamofire.framework",
				"${BUILT_PRODUCTS_DIR}/Bolts/Bolts.framework",
				"${BUILT_PRODUCTS_DIR}/CSwiftV/CSwiftV.framework",
				"${BUILT_PRODUCTS_DIR}/CleanroomLogger/CleanroomLogger.framework",
				"${BUILT_PRODUCTS_DIR}/Eureka/Eureka.framework",
				"${BUILT_PRODUCTS_DIR}/Gloss/Gloss.framework",
				"${BUILT_PRODUCTS_DIR}/InAppSettingsKit/InAppSettingsKit.framework",
				"${BUILT_PRODUCTS_DIR}/MBProgressHUD/MBProgressHUD.framework",
				"${BUILT_PRODUCTS_DIR}/Parse/Parse.framework",
				"${BUILT_PRODUCTS_DIR}/Presentr/Presentr.framework",
				"${BUILT_PRODUCTS_DIR}/SwiftyDropbox/SwiftyDropbox.framework",
				"${BUILT_PRODUCTS_DIR}/Toaster/Toaster.framework",
			);
			name = "[CP] Embed Pods Frameworks";
			outputPaths = (
				"${TARGET_BUILD_DIR}/${FRAMEWORKS_FOLDER_PATH}/Alamofire.framework",
				"${TARGET_BUILD_DIR}/${FRAMEWORKS_FOLDER_PATH}/Bolts.framework",
				"${TARGET_BUILD_DIR}/${FRAMEWORKS_FOLDER_PATH}/CSwiftV.framework",
				"${TARGET_BUILD_DIR}/${FRAMEWORKS_FOLDER_PATH}/CleanroomLogger.framework",
				"${TARGET_BUILD_DIR}/${FRAMEWORKS_FOLDER_PATH}/Eureka.framework",
				"${TARGET_BUILD_DIR}/${FRAMEWORKS_FOLDER_PATH}/Gloss.framework",
				"${TARGET_BUILD_DIR}/${FRAMEWORKS_FOLDER_PATH}/InAppSettingsKit.framework",
				"${TARGET_BUILD_DIR}/${FRAMEWORKS_FOLDER_PATH}/MBProgressHUD.framework",
				"${TARGET_BUILD_DIR}/${FRAMEWORKS_FOLDER_PATH}/Parse.framework",
				"${TARGET_BUILD_DIR}/${FRAMEWORKS_FOLDER_PATH}/Presentr.framework",
				"${TARGET_BUILD_DIR}/${FRAMEWORKS_FOLDER_PATH}/SwiftyDropbox.framework",
				"${TARGET_BUILD_DIR}/${FRAMEWORKS_FOLDER_PATH}/Toaster.framework",
			);
			runOnlyForDeploymentPostprocessing = 0;
			shellPath = /bin/sh;
			shellScript = "\"${SRCROOT}/Pods/Target Support Files/Pods-GEnergyOptimizer/Pods-GEnergyOptimizer-frameworks.sh\"\n";
			showEnvVarsInLog = 0;
		};
		C28898E67EE4F679079CA986 /* [CP] Copy Pods Resources */ = {
			isa = PBXShellScriptBuildPhase;
			buildActionMask = 2147483647;
			files = (
			);
			inputPaths = (
			);
			name = "[CP] Copy Pods Resources";
			outputPaths = (
			);
			runOnlyForDeploymentPostprocessing = 0;
			shellPath = /bin/sh;
			shellScript = "\"${SRCROOT}/Pods/Target Support Files/Pods-GEnergyOptimizer/Pods-GEnergyOptimizer-resources.sh\"\n";
			showEnvVarsInLog = 0;
		};
		D48F43317CE32ED16501E689 /* [CP] Check Pods Manifest.lock */ = {
			isa = PBXShellScriptBuildPhase;
			buildActionMask = 2147483647;
			files = (
			);
			inputPaths = (
				"${PODS_PODFILE_DIR_PATH}/Podfile.lock",
				"${PODS_ROOT}/Manifest.lock",
			);
			name = "[CP] Check Pods Manifest.lock";
			outputPaths = (
				"$(DERIVED_FILE_DIR)/Pods-GEnergyOptimizer-checkManifestLockResult.txt",
			);
			runOnlyForDeploymentPostprocessing = 0;
			shellPath = /bin/sh;
			shellScript = "diff \"${PODS_PODFILE_DIR_PATH}/Podfile.lock\" \"${PODS_ROOT}/Manifest.lock\" > /dev/null\nif [ $? != 0 ] ; then\n    # print error to STDERR\n    echo \"error: The sandbox is not in sync with the Podfile.lock. Run 'pod install' or update your CocoaPods installation.\" >&2\n    exit 1\nfi\n# This output is used by Xcode 'outputs' to avoid re-running this script phase.\necho \"SUCCESS\" > \"${SCRIPT_OUTPUT_FILE_0}\"\n";
			showEnvVarsInLog = 0;
		};
/* End PBXShellScriptBuildPhase section */

/* Begin PBXSourcesBuildPhase section */
		13792E261FC8263F007C525C /* Sources */ = {
			isa = PBXSourcesBuildPhase;
			buildActionMask = 2147483647;
			files = (
				13792E2E1FC8263F007C525C /* AppDelegate.swift in Sources */,
				487C099A6B6530AF97F55601 /* FactoryHelper.swift in Sources */,
				487C0B7B14EB4882F55BFAA4 /* HomeListViewController.swift in Sources */,
				13E2E305200A3454003F54A4 /* CDFeatureData+CoreDataProperties.swift in Sources */,
				487C006DF8715ED7C1E8F9EE /* Utils.swift in Sources */,
				487C0B3FDCBE627C600FA736 /* BuilderHelper.swift in Sources */,
				487C004B0A4AB306D31D874B /* FeatureViewController.swift in Sources */,
				487C04A7BBE09E7BDB69268E /* RoomListViewController.swift in Sources */,
				487C0E30377A91EDC24DA2BD /* ZoneListViewController.swift in Sources */,
				487C0E503E431AD787C0F05A /* HomePresenter.swift in Sources */,
				487C0B1DFB45868C7D641B48 /* ModelLayer.swift in Sources */,
				487C07B9ACDB3E1C830EA66E /* DataLayer.swift in Sources */,
				487C019C0D3C363716BA6B56 /* ParseDataModel.swift in Sources */,
				13E2E304200A3454003F54A4 /* CDFeatureData+CoreDataClass.swift in Sources */,
				487C018F6D5AC4056E24A868 /* FormFactory.swift in Sources */,
				487C00005D78424CF25339AD /* FormBuilder.swift in Sources */,
				487C0E36EADA87230EAAC067 /* LoginViewController.swift in Sources */,
				487C0BD7F1DF0AFEFB05050A /* TranslationLayer.swift in Sources */,
				487C06E6388F1EB4A9A3DCCE /* HomeListCell.swift in Sources */,
				487C0469C3EE3AE7A780D354 /* GEFormViewController.swift in Sources */,
				487C04748BDB90E7EB1E7B03 /* HomeDTO.swift in Sources */,
				487C0A8CEF5276FE93C4333C /* RoomDTO.swift in Sources */,
				487C0ADDE2C3C39DA7A63D23 /* ZoneDTO.swift in Sources */,
				487C03B6B438672D212C51DC /* FormDataModel.swift in Sources */,
				487C02AE3BD1F8DEE8D310B9 /* PFAuditAPI.swift in Sources */,
				487C052060FEF15FE2A76A65 /* PFZoneAPI.swift in Sources */,
				487C0EF2551E185C1C343764 /* CDRoom+CoreDataProperties.swift in Sources */,
				487C07CA55227074D34FFA9F /* CDZone+CoreDataClass.swift in Sources */,
				487C08271D80D022563955CC /* CDZone+CoreDataProperties.swift in Sources */,
				487C0BF151EE9CF3667008E6 /* CDAudit+CoreDataProperties.swift in Sources */,
				487C0B3ECCB3C8DF1E40F26C /* CDAudit+CoreDataClass.swift in Sources */,
				487C0A68C9DF4736E834A8F7 /* CDRoom+CoreDataClass.swift in Sources */,
				487C032E297B6E2BA9FBAEAC /* PFPreAuditAPI.swift in Sources */,
				487C0CED17CC60EB955C7C01 /* PFRoomAPI.swift in Sources */,
				487C08913815E01DE6006DB7 /* StateController.swift in Sources */,
				487C05DEA266805FF524BBBF /* ZonePresenter.swift in Sources */,
				487C094E23AF17E65CEB23A2 /* CoreDataAPI.swift in Sources */,
				487C068B4B5228504614B94E /* GEModel.xcdatamodel in Sources */,
				487C0C0B6AAD6438E6CF398B /* FeaturePresenter.swift in Sources */,
				487C0B8B666530A679BF79AA /* PopOverViewController.swift in Sources */,
				487C0A324EC41B198CFA67E1 /* PopOverPresenter.swift in Sources */,
				487C0FB995463C425FE2BCC9 /* BasePresenter.swift in Sources */,
				487C02EEE1116BD869D630A7 /* PlugloadAPI.swift in Sources */,
				487C00584DF1C345AA660201 /* Refrigerator.swift in Sources */,
				487C0321A5CEFE18BFCF14D4 /* UtilityMapper.swift in Sources */,
				487C007CE0C4E7C81F491A7A /* PeakHourMapper.swift in Sources */,
				487C066BC6C58631CC4CAC80 /* BestModel.swift in Sources */,
				487C0D39CCB0EE2F502A01C3 /* EnergyBase.swift in Sources */,
				487C0C10E1FAD8F0605D26E9 /* EnergyStar.swift in Sources */,
				487C004B20F355C4442EEC9F /* RoomPresenter.swift in Sources */,
				487C0815F656CF2F7B25612C /* HVAC.swift in Sources */,
				487C00A5061BD468A46C2DA7 /* Fryer.swift in Sources */,
				487C0A0C0E9AE22E8E143C40 /* GEnergy.swift in Sources */,
				487C0963E935CF39DEB77981 /* AuditFactory.swift in Sources */,
				487C0A613E8CD832CD0A052C /* Commons.swift in Sources */,
				487C01409D784B97C302C799 /* Enums.swift in Sources */,
				487C0F484A30643FD399E4F9 /* Uploader.swift in Sources */,
				487C0B087143D9A9C492F30F /* DropBoxUploader.swift in Sources */,
			);
			runOnlyForDeploymentPostprocessing = 0;
		};
		13C23BEC1FFF912F009D79A9 /* Sources */ = {
			isa = PBXSourcesBuildPhase;
			buildActionMask = 2147483647;
			files = (
				13C23BFB1FFF9185009D79A9 /* TestEnergyCalculations.swift in Sources */,
			);
			runOnlyForDeploymentPostprocessing = 0;
		};
/* End PBXSourcesBuildPhase section */

/* Begin PBXTargetDependency section */
		13C23BF61FFF9130009D79A9 /* PBXTargetDependency */ = {
			isa = PBXTargetDependency;
			target = 13792E291FC8263F007C525C /* GEnergyOptimizer */;
			targetProxy = 13C23BF51FFF9130009D79A9 /* PBXContainerItemProxy */;
		};
/* End PBXTargetDependency section */

/* Begin PBXVariantGroup section */
		13792E311FC8263F007C525C /* Main.storyboard */ = {
			isa = PBXVariantGroup;
			children = (
				13792E321FC8263F007C525C /* Base */,
			);
			name = Main.storyboard;
			sourceTree = "<group>";
		};
		13792E361FC8263F007C525C /* LaunchScreen.storyboard */ = {
			isa = PBXVariantGroup;
			children = (
				13792E371FC8263F007C525C /* Base */,
			);
			name = LaunchScreen.storyboard;
			sourceTree = "<group>";
		};
/* End PBXVariantGroup section */

/* Begin XCBuildConfiguration section */
		13792E3A1FC8263F007C525C /* Debug */ = {
			isa = XCBuildConfiguration;
			buildSettings = {
				ALWAYS_SEARCH_USER_PATHS = NO;
				CLANG_ANALYZER_NONNULL = YES;
				CLANG_ANALYZER_NUMBER_OBJECT_CONVERSION = YES_AGGRESSIVE;
				CLANG_CXX_LANGUAGE_STANDARD = "gnu++14";
				CLANG_CXX_LIBRARY = "libc++";
				CLANG_ENABLE_MODULES = YES;
				CLANG_ENABLE_OBJC_ARC = YES;
				CLANG_WARN_BLOCK_CAPTURE_AUTORELEASING = YES;
				CLANG_WARN_BOOL_CONVERSION = YES;
				CLANG_WARN_COMMA = YES;
				CLANG_WARN_CONSTANT_CONVERSION = YES;
				CLANG_WARN_DIRECT_OBJC_ISA_USAGE = YES_ERROR;
				CLANG_WARN_DOCUMENTATION_COMMENTS = YES;
				CLANG_WARN_EMPTY_BODY = YES;
				CLANG_WARN_ENUM_CONVERSION = YES;
				CLANG_WARN_INFINITE_RECURSION = YES;
				CLANG_WARN_INT_CONVERSION = YES;
				CLANG_WARN_NON_LITERAL_NULL_CONVERSION = YES;
				CLANG_WARN_OBJC_LITERAL_CONVERSION = YES;
				CLANG_WARN_OBJC_ROOT_CLASS = YES_ERROR;
				CLANG_WARN_RANGE_LOOP_ANALYSIS = YES;
				CLANG_WARN_STRICT_PROTOTYPES = YES;
				CLANG_WARN_SUSPICIOUS_MOVE = YES;
				CLANG_WARN_UNGUARDED_AVAILABILITY = YES_AGGRESSIVE;
				CLANG_WARN_UNREACHABLE_CODE = YES;
				CLANG_WARN__DUPLICATE_METHOD_MATCH = YES;
				CODE_SIGN_IDENTITY = "iPhone Developer";
				COPY_PHASE_STRIP = NO;
				DEBUG_INFORMATION_FORMAT = dwarf;
				ENABLE_STRICT_OBJC_MSGSEND = YES;
				ENABLE_TESTABILITY = YES;
				GCC_C_LANGUAGE_STANDARD = gnu11;
				GCC_DYNAMIC_NO_PIC = NO;
				GCC_NO_COMMON_BLOCKS = YES;
				GCC_OPTIMIZATION_LEVEL = 0;
				GCC_PREPROCESSOR_DEFINITIONS = (
					"DEBUG=1",
					"$(inherited)",
				);
				GCC_WARN_64_TO_32_BIT_CONVERSION = YES;
				GCC_WARN_ABOUT_RETURN_TYPE = YES_ERROR;
				GCC_WARN_UNDECLARED_SELECTOR = YES;
				GCC_WARN_UNINITIALIZED_AUTOS = YES_AGGRESSIVE;
				GCC_WARN_UNUSED_FUNCTION = YES;
				GCC_WARN_UNUSED_VARIABLE = YES;
				IPHONEOS_DEPLOYMENT_TARGET = 11.1;
				MTL_ENABLE_DEBUG_INFO = YES;
				ONLY_ACTIVE_ARCH = YES;
				SDKROOT = iphoneos;
				SWIFT_ACTIVE_COMPILATION_CONDITIONS = DEBUG;
				SWIFT_OPTIMIZATION_LEVEL = "-Onone";
			};
			name = Debug;
		};
		13792E3B1FC8263F007C525C /* Release */ = {
			isa = XCBuildConfiguration;
			buildSettings = {
				ALWAYS_SEARCH_USER_PATHS = NO;
				CLANG_ANALYZER_NONNULL = YES;
				CLANG_ANALYZER_NUMBER_OBJECT_CONVERSION = YES_AGGRESSIVE;
				CLANG_CXX_LANGUAGE_STANDARD = "gnu++14";
				CLANG_CXX_LIBRARY = "libc++";
				CLANG_ENABLE_MODULES = YES;
				CLANG_ENABLE_OBJC_ARC = YES;
				CLANG_WARN_BLOCK_CAPTURE_AUTORELEASING = YES;
				CLANG_WARN_BOOL_CONVERSION = YES;
				CLANG_WARN_COMMA = YES;
				CLANG_WARN_CONSTANT_CONVERSION = YES;
				CLANG_WARN_DIRECT_OBJC_ISA_USAGE = YES_ERROR;
				CLANG_WARN_DOCUMENTATION_COMMENTS = YES;
				CLANG_WARN_EMPTY_BODY = YES;
				CLANG_WARN_ENUM_CONVERSION = YES;
				CLANG_WARN_INFINITE_RECURSION = YES;
				CLANG_WARN_INT_CONVERSION = YES;
				CLANG_WARN_NON_LITERAL_NULL_CONVERSION = YES;
				CLANG_WARN_OBJC_LITERAL_CONVERSION = YES;
				CLANG_WARN_OBJC_ROOT_CLASS = YES_ERROR;
				CLANG_WARN_RANGE_LOOP_ANALYSIS = YES;
				CLANG_WARN_STRICT_PROTOTYPES = YES;
				CLANG_WARN_SUSPICIOUS_MOVE = YES;
				CLANG_WARN_UNGUARDED_AVAILABILITY = YES_AGGRESSIVE;
				CLANG_WARN_UNREACHABLE_CODE = YES;
				CLANG_WARN__DUPLICATE_METHOD_MATCH = YES;
				CODE_SIGN_IDENTITY = "iPhone Developer";
				COPY_PHASE_STRIP = NO;
				DEBUG_INFORMATION_FORMAT = "dwarf-with-dsym";
				ENABLE_NS_ASSERTIONS = NO;
				ENABLE_STRICT_OBJC_MSGSEND = YES;
				ENABLE_TESTABILITY = YES;
				GCC_C_LANGUAGE_STANDARD = gnu11;
				GCC_NO_COMMON_BLOCKS = YES;
				GCC_WARN_64_TO_32_BIT_CONVERSION = YES;
				GCC_WARN_ABOUT_RETURN_TYPE = YES_ERROR;
				GCC_WARN_UNDECLARED_SELECTOR = YES;
				GCC_WARN_UNINITIALIZED_AUTOS = YES_AGGRESSIVE;
				GCC_WARN_UNUSED_FUNCTION = YES;
				GCC_WARN_UNUSED_VARIABLE = YES;
				IPHONEOS_DEPLOYMENT_TARGET = 11.1;
				MTL_ENABLE_DEBUG_INFO = NO;
				SDKROOT = iphoneos;
				SWIFT_OPTIMIZATION_LEVEL = "-Owholemodule";
				VALIDATE_PRODUCT = YES;
			};
			name = Release;
		};
		13792E3D1FC8263F007C525C /* Debug */ = {
			isa = XCBuildConfiguration;
			baseConfigurationReference = A15D3624ECE18A4520C55D2A /* Pods-GEnergyOptimizer.debug.xcconfig */;
			buildSettings = {
				ASSETCATALOG_COMPILER_APPICON_NAME = AppIcon;
				CODE_SIGN_IDENTITY = "iPhone Developer: Anthony Kinslow II (S6Y7SMXVC8)";
				"CODE_SIGN_IDENTITY[sdk=iphoneos*]" = "iPhone Developer: Anthony Kinslow II (S6Y7SMXVC8)";
				CODE_SIGN_STYLE = Manual;
				DEVELOPMENT_TEAM = TR622DUJ95;
				INFOPLIST_FILE = GEnergyOptimizer/_Ignore/Info.plist;
				LD_RUNPATH_SEARCH_PATHS = "$(inherited) @executable_path/Frameworks";
				PRODUCT_BUNDLE_IDENTIFIER = com.geminienergyservices.alpha1.GEnergyOptimizer;
				PRODUCT_NAME = "$(TARGET_NAME)";
				PROVISIONING_PROFILE = "e67da0fb-893d-441a-8935-63a81f6217db";
				PROVISIONING_PROFILE_SPECIFIER = GEnergyA1DVP;
				SWIFT_VERSION = 4.0;
				TARGETED_DEVICE_FAMILY = "1,2";
			};
			name = Debug;
		};
		13792E3E1FC8263F007C525C /* Release */ = {
			isa = XCBuildConfiguration;
			baseConfigurationReference = A201673394E6D63D27D56499 /* Pods-GEnergyOptimizer.release.xcconfig */;
			buildSettings = {
				ASSETCATALOG_COMPILER_APPICON_NAME = AppIcon;
				CODE_SIGN_IDENTITY = "iPhone Distribution: Anthony Kinslow II (TR622DUJ95)";
				"CODE_SIGN_IDENTITY[sdk=iphoneos*]" = "iPhone Distribution: Anthony Kinslow II (TR622DUJ95)";
				CODE_SIGN_STYLE = Manual;
				DEVELOPMENT_TEAM = TR622DUJ95;
				INFOPLIST_FILE = GEnergyOptimizer/_Ignore/Info.plist;
				LD_RUNPATH_SEARCH_PATHS = "$(inherited) @executable_path/Frameworks";
				PRODUCT_BUNDLE_IDENTIFIER = com.geminienergyservices.alpha1.GEnergyOptimizer;
				PRODUCT_NAME = "$(TARGET_NAME)";
				PROVISIONING_PROFILE = "97e04107-7e24-4d6b-983b-07a0b388a7e6";
				PROVISIONING_PROFILE_SPECIFIER = GEnergyA1DSP;
				SWIFT_VERSION = 4.0;
				TARGETED_DEVICE_FAMILY = "1,2";
			};
			name = Release;
		};
		13C23BF81FFF9130009D79A9 /* Debug */ = {
			isa = XCBuildConfiguration;
			buildSettings = {
				BUNDLE_LOADER = "$(TEST_HOST)";
				CODE_SIGN_STYLE = Automatic;
				INFOPLIST_FILE = GEnergyOptimizerTests/Info.plist;
				LD_RUNPATH_SEARCH_PATHS = "$(inherited) @executable_path/Frameworks @loader_path/Frameworks";
				PRODUCT_BUNDLE_IDENTIFIER = com.geminienergyservices.ios.GEnergyOptimizerTests;
				PRODUCT_NAME = "$(TARGET_NAME)";
				SWIFT_VERSION = 4.0;
				TARGETED_DEVICE_FAMILY = "1,2";
				TEST_HOST = "$(BUILT_PRODUCTS_DIR)/GEnergyOptimizer.app/GEnergyOptimizer";
			};
			name = Debug;
		};
		13C23BF91FFF9130009D79A9 /* Release */ = {
			isa = XCBuildConfiguration;
			buildSettings = {
				BUNDLE_LOADER = "$(TEST_HOST)";
				CODE_SIGN_STYLE = Automatic;
				INFOPLIST_FILE = GEnergyOptimizerTests/Info.plist;
				LD_RUNPATH_SEARCH_PATHS = "$(inherited) @executable_path/Frameworks @loader_path/Frameworks";
				PRODUCT_BUNDLE_IDENTIFIER = com.geminienergyservices.ios.GEnergyOptimizerTests;
				PRODUCT_NAME = "$(TARGET_NAME)";
				SWIFT_VERSION = 4.0;
				TARGETED_DEVICE_FAMILY = "1,2";
				TEST_HOST = "$(BUILT_PRODUCTS_DIR)/GEnergyOptimizer.app/GEnergyOptimizer";
			};
			name = Release;
		};
/* End XCBuildConfiguration section */

/* Begin XCConfigurationList section */
		13792E251FC8263F007C525C /* Build configuration list for PBXProject "GEnergyOptimizer" */ = {
			isa = XCConfigurationList;
			buildConfigurations = (
				13792E3A1FC8263F007C525C /* Debug */,
				13792E3B1FC8263F007C525C /* Release */,
			);
			defaultConfigurationIsVisible = 0;
			defaultConfigurationName = Release;
		};
		13792E3C1FC8263F007C525C /* Build configuration list for PBXNativeTarget "GEnergyOptimizer" */ = {
			isa = XCConfigurationList;
			buildConfigurations = (
				13792E3D1FC8263F007C525C /* Debug */,
				13792E3E1FC8263F007C525C /* Release */,
			);
			defaultConfigurationIsVisible = 0;
			defaultConfigurationName = Release;
		};
		13C23BF71FFF9130009D79A9 /* Build configuration list for PBXNativeTarget "GEnergyOptimizerTests" */ = {
			isa = XCConfigurationList;
			buildConfigurations = (
				13C23BF81FFF9130009D79A9 /* Debug */,
				13C23BF91FFF9130009D79A9 /* Release */,
			);
			defaultConfigurationIsVisible = 0;
			defaultConfigurationName = Release;
		};
/* End XCConfigurationList section */
	};
	rootObject = 13792E221FC8263F007C525C /* Project object */;
}
